{
  "version": 4,
  "terraform_version": "1.14.8",
  "serial": 309,
  "lineage": "fd10d9e7-cc11-6402-fe63-d0f165b83394",
  "outputs": {
    "api_url": {
      "value": "https://hntwmrwmsl.execute-api.ap-southeast-1.amazonaws.com",
      "type": "string"
    },
    "cloudfront_url": {
      "value": "d3hckftk4ilq7v.cloudfront.net",
      "type": "string"
    },
    "s3_bucket_name": {
      "value": "ecommerce-frontend-guru-0xetmqk9",
      "type": "string"
    },
    "sns_topic_arn": {
      "value": "arn:aws:sns:ap-southeast-1:726101441380:order-notifications-guru",
      "type": "string"
    },
    "sqs_queue_url": {
      "value": "https://sqs.ap-southeast-1.amazonaws.com/726101441380/order-processing-queue-guru",
      "type": "string"
    }
  },
  "resources": [
    {
      "mode": "managed",
      "type": "aws_apigatewayv2_api",
      "name": "api",
      "provider": "provider[\"registry.terraform.io/hashicorp/aws\"]",
      "instances": [
        {
          "schema_version": 0,
          "attributes": {
            "api_endpoint": "https://hntwmrwmsl.execute-api.ap-southeast-1.amazonaws.com",
            "api_key_selection_expression": "$request.header.x-api-key",
            "arn": "arn:aws:apigateway:ap-southeast-1::/apis/hntwmrwmsl",
            "body": null,
            "cors_configuration": [
              {
                "allow_credentials": false,
                "allow_headers": [
                  "authorization",
                  "content-type"
                ],
                "allow_methods": [
                  "DELETE",
                  "GET",
                  "OPTIONS",
                  "POST",
                  "PUT"
                ],
                "allow_origins": [
                  "*"
                ],
                "expose_headers": [
                  "*"
                ],
                "max_age": 3600
              }
            ],
            "credentials_arn": null,
            "description": "",
            "disable_execute_api_endpoint": false,
            "execution_arn": "arn:aws:execute-api:ap-southeast-1:726101441380:hntwmrwmsl",
            "fail_on_warnings": null,
            "id": "hntwmrwmsl",
            "ip_address_type": "ipv4",
            "name": "API_Services_Guru",
            "protocol_type": "HTTP",
            "region": "ap-southeast-1",
            "route_key": null,
            "route_selection_expression": "$request.method $request.path",
            "tags": {},
            "tags_all": {},
            "target": null,
            "version": ""
          },
          "sensitive_attributes": [],
          "identity_schema_version": 0,
          "private": "bnVsbA=="
        }
      ]
    },
    {
      "mode": "managed",
      "type": "aws_apigatewayv2_integration",
      "name": "integration",
      "provider": "provider[\"registry.terraform.io/hashicorp/aws\"]",
      "instances": [
        {
          "index_key": "cart",
          "schema_version": 0,
          "attributes": {
            "api_id": "hntwmrwmsl",
            "connection_id": "",
            "connection_type": "INTERNET",
            "content_handling_strategy": "",
            "credentials_arn": "",
            "description": "",
            "id": "f7fpglo",
            "integration_method": "POST",
            "integration_response_selection_expression": "",
            "integration_subtype": "",
            "integration_type": "AWS_PROXY",
            "integration_uri": "arn:aws:apigateway:ap-southeast-1:lambda:path/2015-03-31/functions/arn:aws:lambda:ap-southeast-1:726101441380:function:cart_service_guru/invocations",
            "passthrough_behavior": "",
            "payload_format_version": "2.0",
            "region": "ap-southeast-1",
            "request_parameters": {},
            "request_templates": {},
            "response_parameters": [],
            "template_selection_expression": "",
            "timeout_milliseconds": 30000,
            "tls_config": []
          },
          "sensitive_attributes": [],
          "identity_schema_version": 0,
          "private": "bnVsbA==",
          "dependencies": [
            "aws_apigatewayv2_api.api",
            "aws_iam_role.lambda_role",
            "aws_lambda_function.function"
          ]
        },
        {
          "index_key": "order",
          "schema_version": 0,
          "attributes": {
            "api_id": "hntwmrwmsl",
            "connection_id": "",
            "connection_type": "INTERNET",
            "content_handling_strategy": "",
            "credentials_arn": "",
            "description": "",
            "id": "19388b9",
            "integration_method": "POST",
            "integration_response_selection_expression": "",
            "integration_subtype": "",
            "integration_type": "AWS_PROXY",
            "integration_uri": "arn:aws:apigateway:ap-southeast-1:lambda:path/2015-03-31/functions/arn:aws:lambda:ap-southeast-1:726101441380:function:order_service_guru/invocations",
            "passthrough_behavior": "",
            "payload_format_version": "2.0",
            "region": "ap-southeast-1",
            "request_parameters": {},
            "request_templates": {},
            "response_parameters": [],
            "template_selection_expression": "",
            "timeout_milliseconds": 30000,
            "tls_config": []
          },
          "sensitive_attributes": [],
          "identity_schema_version": 0,
          "private": "bnVsbA==",
          "dependencies": [
            "aws_apigatewayv2_api.api",
            "aws_iam_role.lambda_role",
            "aws_lambda_function.function"
          ]
        },
        {
          "index_key": "payment",
          "schema_version": 0,
          "attributes": {
            "api_id": "hntwmrwmsl",
            "connection_id": "",
            "connection_type": "INTERNET",
            "content_handling_strategy": "",
            "credentials_arn": "",
            "description": "",
            "id": "ksico1i",
            "integration_method": "POST",
            "integration_response_selection_expression": "",
            "integration_subtype": "",
            "integration_type": "AWS_PROXY",
            "integration_uri": "arn:aws:apigateway:ap-southeast-1:lambda:path/2015-03-31/functions/arn:aws:lambda:ap-southeast-1:726101441380:function:payment_service_guru/invocations",
            "passthrough_behavior": "",
            "payload_format_version": "2.0",
            "region": "ap-southeast-1",
            "request_parameters": {},
            "request_templates": {},
            "response_parameters": [],
            "template_selection_expression": "",
            "timeout_milliseconds": 30000,
            "tls_config": []
          },
          "sensitive_attributes": [],
          "identity_schema_version": 0,
          "private": "bnVsbA==",
          "dependencies": [
            "aws_apigatewayv2_api.api",
            "aws_iam_role.lambda_role",
            "aws_lambda_function.function"
          ]
        },
        {
          "index_key": "product",
          "schema_version": 0,
          "attributes": {
            "api_id": "hntwmrwmsl",
            "connection_id": "",
            "connection_type": "INTERNET",
            "content_handling_strategy": "",
            "credentials_arn": "",
            "description": "",
            "id": "u6gkuyr",
            "integration_method": "POST",
            "integration_response_selection_expression": "",
            "integration_subtype": "",
            "integration_type": "AWS_PROXY",
            "integration_uri": "arn:aws:apigateway:ap-southeast-1:lambda:path/2015-03-31/functions/arn:aws:lambda:ap-southeast-1:726101441380:function:product_service_guru/invocations",
            "passthrough_behavior": "",
            "payload_format_version": "2.0",
            "region": "ap-southeast-1",
            "request_parameters": {},
            "request_templates": {},
            "response_parameters": [],
            "template_selection_expression": "",
            "timeout_milliseconds": 30000,
            "tls_config": []
          },
          "sensitive_attributes": [],
          "identity_schema_version": 0,
          "private": "bnVsbA==",
          "dependencies": [
            "aws_apigatewayv2_api.api",
            "aws_iam_role.lambda_role",
            "aws_lambda_function.function"
          ]
        },
        {
          "index_key": "search",
          "schema_version": 0,
          "attributes": {
            "api_id": "hntwmrwmsl",
            "connection_id": "",
            "connection_type": "INTERNET",
            "content_handling_strategy": "",
            "credentials_arn": "",
            "description": "",
            "id": "hlj95a8",
            "integration_method": "POST",
            "integration_response_selection_expression": "",
            "integration_subtype": "",
            "integration_type": "AWS_PROXY",
            "integration_uri": "arn:aws:apigateway:ap-southeast-1:lambda:path/2015-03-31/functions/arn:aws:lambda:ap-southeast-1:726101441380:function:search_service_guru/invocations",
            "passthrough_behavior": "",
            "payload_format_version": "2.0",
            "region": "ap-southeast-1",
            "request_parameters": {},
            "request_templates": {},
            "response_parameters": [],
            "template_selection_expression": "",
            "timeout_milliseconds": 30000,
            "tls_config": []
          },
          "sensitive_attributes": [],
          "identity_schema_version": 0,
          "private": "bnVsbA==",
          "dependencies": [
            "aws_apigatewayv2_api.api",
            "aws_iam_role.lambda_role",
            "aws_lambda_function.function"
          ]
        }
      ]
    },
    {
      "mode": "managed",
      "type": "aws_apigatewayv2_route",
      "name": "route",
      "provider": "provider[\"registry.terraform.io/hashicorp/aws\"]",
      "instances": [
        {
          "index_key": "cart_add",
          "schema_version": 0,
          "attributes": {
            "api_id": "hntwmrwmsl",
            "api_key_required": false,
            "authorization_scopes": [],
            "authorization_type": "NONE",
            "authorizer_id": "",
            "id": "5hml9ag",
            "model_selection_expression": "",
            "operation_name": "",
            "region": "ap-southeast-1",
            "request_models": {},
            "request_parameter": [],
            "route_key": "POST /cart/add",
            "route_response_selection_expression": "",
            "target": "integrations/f7fpglo"
          },
          "sensitive_attributes": [],
          "identity_schema_version": 0,
          "private": "bnVsbA==",
          "dependencies": [
            "aws_apigatewayv2_api.api",
            "aws_apigatewayv2_integration.integration",
            "aws_iam_role.lambda_role",
            "aws_lambda_function.function"
          ]
        },
        {
          "index_key": "cart_clear",
          "schema_version": 0,
          "attributes": {
            "api_id": "hntwmrwmsl",
            "api_key_required": false,
            "authorization_scopes": [],
            "authorization_type": "NONE",
            "authorizer_id": "",
            "id": "jcb5jao",
            "model_selection_expression": "",
            "operation_name": "",
            "region": "ap-southeast-1",
            "request_models": {},
            "request_parameter": [],
            "route_key": "DELETE /cart",
            "route_response_selection_expression": "",
            "target": "integrations/f7fpglo"
          },
          "sensitive_attributes": [],
          "identity_schema_version": 0,
          "private": "bnVsbA==",
          "dependencies": [
            "aws_apigatewayv2_api.api",
            "aws_apigatewayv2_integration.integration",
            "aws_iam_role.lambda_role",
            "aws_lambda_function.function"
          ]
        },
        {
          "index_key": "cart_get",
          "schema_version": 0,
          "attributes": {
            "api_id": "hntwmrwmsl",
            "api_key_required": false,
            "authorization_scopes": [],
            "authorization_type": "NONE",
            "authorizer_id": "",
            "id": "6mwt9o9",
            "model_selection_expression": "",
            "operation_name": "",
            "region": "ap-southeast-1",
            "request_models": {},
            "request_parameter": [],
            "route_key": "GET /cart",
            "route_response_selection_expression": "",
            "target": "integrations/f7fpglo"
          },
          "sensitive_attributes": [],
          "identity_schema_version": 0,
          "private": "bnVsbA==",
          "dependencies": [
            "aws_apigatewayv2_api.api",
            "aws_apigatewayv2_integration.integration",
            "aws_iam_role.lambda_role",
            "aws_lambda_function.function"
          ]
        },
        {
          "index_key": "cart_remove",
          "schema_version": 0,
          "attributes": {
            "api_id": "hntwmrwmsl",
            "api_key_required": false,
            "authorization_scopes": [],
            "authorization_type": "NONE",
            "authorizer_id": "",
            "id": "5i8joxt",
            "model_selection_expression": "",
            "operation_name": "",
            "region": "ap-southeast-1",
            "request_models": {},
            "request_parameter": [],
            "route_key": "DELETE /cart/remove/{id}",
            "route_response_selection_expression": "",
            "target": "integrations/f7fpglo"
          },
          "sensitive_attributes": [],
          "identity_schema_version": 0,
          "private": "bnVsbA==",
          "dependencies": [
            "aws_apigatewayv2_api.api",
            "aws_apigatewayv2_integration.integration",
            "aws_iam_role.lambda_role",
            "aws_lambda_function.function"
          ]
        },
        {
          "index_key": "order_get",
          "schema_version": 0,
          "attributes": {
            "api_id": "hntwmrwmsl",
            "api_key_required": false,
            "authorization_scopes": [],
            "authorization_type": "NONE",
            "authorizer_id": "",
            "id": "jj1rgak",
            "model_selection_expression": "",
            "operation_name": "",
            "region": "ap-southeast-1",
            "request_models": {},
            "request_parameter": [],
            "route_key": "GET /order/{id}",
            "route_response_selection_expression": "",
            "target": "integrations/19388b9"
          },
          "sensitive_attributes": [],
          "identity_schema_version": 0,
          "private": "bnVsbA==",
          "dependencies": [
            "aws_apigatewayv2_api.api",
            "aws_apigatewayv2_integration.integration",
            "aws_iam_role.lambda_role",
            "aws_lambda_function.function"
          ]
        },
        {
          "index_key": "order_get_all",
          "schema_version": 0,
          "attributes": {
            "api_id": "hntwmrwmsl",
            "api_key_required": false,
            "authorization_scopes": [],
            "authorization_type": "NONE",
            "authorizer_id": "",
            "id": "b1sro14",
            "model_selection_expression": "",
            "operation_name": "",
            "region": "ap-southeast-1",
            "request_models": {},
            "request_parameter": [],
            "route_key": "GET /order",
            "route_response_selection_expression": "",
            "target": "integrations/19388b9"
          },
          "sensitive_attributes": [],
          "identity_schema_version": 0,
          "private": "bnVsbA==",
          "dependencies": [
            "aws_apigatewayv2_api.api",
            "aws_apigatewayv2_integration.integration",
            "aws_iam_role.lambda_role",
            "aws_lambda_function.function"
          ]
        },
        {
          "index_key": "order_post",
          "schema_version": 0,
          "attributes": {
            "api_id": "hntwmrwmsl",
            "api_key_required": false,
            "authorization_scopes": [],
            "authorization_type": "NONE",
            "authorizer_id": "",
            "id": "4e1oa9l",
            "model_selection_expression": "",
            "operation_name": "",
            "region": "ap-southeast-1",
            "request_models": {},
            "request_parameter": [],
            "route_key": "POST /order",
            "route_response_selection_expression": "",
            "target": "integrations/19388b9"
          },
          "sensitive_attributes": [],
          "identity_schema_version": 0,
          "private": "bnVsbA==",
          "dependencies": [
            "aws_apigatewayv2_api.api",
            "aws_apigatewayv2_integration.integration",
            "aws_iam_role.lambda_role",
            "aws_lambda_function.function"
          ]
        },
        {
          "index_key": "order_put",
          "schema_version": 0,
          "attributes": {
            "api_id": "hntwmrwmsl",
            "api_key_required": false,
            "authorization_scopes": [],
            "authorization_type": "NONE",
            "authorizer_id": "",
            "id": "d3kcqsc",
            "model_selection_expression": "",
            "operation_name": "",
            "region": "ap-southeast-1",
            "request_models": {},
            "request_parameter": [],
            "route_key": "PUT /order/{id}",
            "route_response_selection_expression": "",
            "target": "integrations/19388b9"
          },
          "sensitive_attributes": [],
          "identity_schema_version": 0,
          "private": "bnVsbA==",
          "dependencies": [
            "aws_apigatewayv2_api.api",
            "aws_apigatewayv2_integration.integration",
            "aws_iam_role.lambda_role",
            "aws_lambda_function.function"
          ]
        },
        {
          "index_key": "payment",
          "schema_version": 0,
          "attributes": {
            "api_id": "hntwmrwmsl",
            "api_key_required": false,
            "authorization_scopes": [],
            "authorization_type": "NONE",
            "authorizer_id": "",
            "id": "mxv3x8b",
            "model_selection_expression": "",
            "operation_name": "",
            "region": "ap-southeast-1",
            "request_models": {},
            "request_parameter": [],
            "route_key": "POST /payment",
            "route_response_selection_expression": "",
            "target": "integrations/ksico1i"
          },
          "sensitive_attributes": [],
          "identity_schema_version": 0,
          "private": "bnVsbA==",
          "dependencies": [
            "aws_apigatewayv2_api.api",
            "aws_apigatewayv2_integration.integration",
            "aws_iam_role.lambda_role",
            "aws_lambda_function.function"
          ]
        },
        {
          "index_key": "product_by_id",
          "schema_version": 0,
          "attributes": {
            "api_id": "hntwmrwmsl",
            "api_key_required": false,
            "authorization_scopes": [],
            "authorization_type": "NONE",
            "authorizer_id": "",
            "id": "pl55c6d",
            "model_selection_expression": "",
            "operation_name": "",
            "region": "ap-southeast-1",
            "request_models": {},
            "request_parameter": [],
            "route_key": "GET /products/{id}",
            "route_response_selection_expression": "",
            "target": "integrations/u6gkuyr"
          },
          "sensitive_attributes": [],
          "identity_schema_version": 0,
          "private": "bnVsbA==",
          "dependencies": [
            "aws_apigatewayv2_api.api",
            "aws_apigatewayv2_integration.integration",
            "aws_iam_role.lambda_role",
            "aws_lambda_function.function"
          ]
        },
        {
          "index_key": "products",
          "schema_version": 0,
          "attributes": {
            "api_id": "hntwmrwmsl",
            "api_key_required": false,
            "authorization_scopes": [],
            "authorization_type": "NONE",
            "authorizer_id": "",
            "id": "cd7khj1",
            "model_selection_expression": "",
            "operation_name": "",
            "region": "ap-southeast-1",
            "request_models": {},
            "request_parameter": [],
            "route_key": "GET /products",
            "route_response_selection_expression": "",
            "target": "integrations/u6gkuyr"
          },
          "sensitive_attributes": [],
          "identity_schema_version": 0,
          "private": "bnVsbA==",
          "dependencies": [
            "aws_apigatewayv2_api.api",
            "aws_apigatewayv2_integration.integration",
            "aws_iam_role.lambda_role",
            "aws_lambda_function.function"
          ]
        },
        {
          "index_key": "search",
          "schema_version": 0,
          "attributes": {
            "api_id": "hntwmrwmsl",
            "api_key_required": false,
            "authorization_scopes": [],
            "authorization_type": "NONE",
            "authorizer_id": "",
            "id": "fbz3xog",
            "model_selection_expression": "",
            "operation_name": "",
            "region": "ap-southeast-1",
            "request_models": {},
            "request_parameter": [],
            "route_key": "GET /search",
            "route_response_selection_expression": "",
            "target": "integrations/hlj95a8"
          },
          "sensitive_attributes": [],
          "identity_schema_version": 0,
          "private": "bnVsbA==",
          "dependencies": [
            "aws_apigatewayv2_api.api",
            "aws_apigatewayv2_integration.integration",
            "aws_iam_role.lambda_role",
            "aws_lambda_function.function"
          ]
        }
      ]
    },
    {
      "mode": "managed",
      "type": "aws_apigatewayv2_stage",
      "name": "default",
      "provider": "provider[\"registry.terraform.io/hashicorp/aws\"]",
      "instances": [
        {
          "schema_version": 0,
          "attributes": {
            "access_log_settings": [],
            "api_id": "hntwmrwmsl",
            "arn": "arn:aws:apigateway:ap-southeast-1::/apis/hntwmrwmsl/stages/$default",
            "auto_deploy": true,
            "client_certificate_id": "",
            "default_route_settings": [
              {
                "data_trace_enabled": false,
                "detailed_metrics_enabled": false,
                "logging_level": "",
                "throttling_burst_limit": 100,
                "throttling_rate_limit": 50
              }
            ],
            "deployment_id": "ae3s7h",
            "description": "",
            "execution_arn": "arn:aws:execute-api:ap-southeast-1:726101441380:hntwmrwmsl/$default",
            "id": "$default",
            "invoke_url": "https://hntwmrwmsl.execute-api.ap-southeast-1.amazonaws.com/",
            "name": "$default",
            "region": "ap-southeast-1",
            "route_settings": [],
            "stage_variables": {},
            "tags": {},
            "tags_all": {}
          },
          "sensitive_attributes": [],
          "identity_schema_version": 0,
          "private": "bnVsbA==",
          "dependencies": [
            "aws_apigatewayv2_api.api"
          ]
        }
      ]
    },
    {
      "mode": "managed",
      "type": "aws_cloudfront_distribution",
      "name": "frontend",
      "provider": "provider[\"registry.terraform.io/hashicorp/aws\"]",
      "instances": [
        {
          "schema_version": 1,
          "attributes": {
            "aliases": [],
            "anycast_ip_list_id": "",
            "arn": "arn:aws:cloudfront::726101441380:distribution/E2O15KVUVB9GXC",
            "caller_reference": "terraform-20260414033241624400000001",
            "comment": null,
            "connection_function_association": [],
            "continuous_deployment_policy_id": "",
            "custom_error_response": [
              {
                "error_caching_min_ttl": 0,
                "error_code": 404,
                "response_code": 200,
                "response_page_path": "/index.html"
              }
            ],
            "default_cache_behavior": [
              {
                "allowed_methods": [
                  "GET",
                  "HEAD",
                  "OPTIONS"
                ],
                "cache_policy_id": "",
                "cached_methods": [
                  "GET",
                  "HEAD"
                ],
                "compress": false,
                "default_ttl": 3600,
                "field_level_encryption_id": "",
                "forwarded_values": [
                  {
                    "cookies": [
                      {
                        "forward": "none",
                        "whitelisted_names": []
                      }
                    ],
                    "headers": [],
                    "query_string": false,
                    "query_string_cache_keys": []
                  }
                ],
                "function_association": [],
                "grpc_config": [
                  {
                    "enabled": false
                  }
                ],
                "lambda_function_association": [],
                "max_ttl": 86400,
                "min_ttl": 0,
                "origin_request_policy_id": "",
                "realtime_log_config_arn": "",
                "response_headers_policy_id": "",
                "smooth_streaming": false,
                "target_origin_id": "s3-frontend",
                "trusted_key_groups": [],
                "trusted_signers": [],
                "viewer_protocol_policy": "redirect-to-https"
              }
            ],
            "default_root_object": "index.html",
            "domain_name": "d3hckftk4ilq7v.cloudfront.net",
            "enabled": true,
            "etag": "E1VC38T7YXB528",
            "hosted_zone_id": "Z2FDTNDATAQYW2",
            "http_version": "http2",
            "id": "E2O15KVUVB9GXC",
            "in_progress_validation_batches": 0,
            "is_ipv6_enabled": true,
            "last_modified_time": "2026-04-15 09:01:12.548 +0000 UTC",
            "logging_config": [],
            "logging_v1_enabled": false,
            "ordered_cache_behavior": [
              {
                "allowed_methods": [
                  "DELETE",
                  "GET",
                  "HEAD",
                  "OPTIONS",
                  "PATCH",
                  "POST",
                  "PUT"
                ],
                "cache_policy_id": "4135ea2d-6df8-44a3-9df3-4b5a84be39ad",
                "cached_methods": [
                  "GET",
                  "HEAD"
                ],
                "compress": false,
                "default_ttl": 0,
                "field_level_encryption_id": "",
                "forwarded_values": [],
                "function_association": [],
                "grpc_config": [
                  {
                    "enabled": false
                  }
                ],
                "lambda_function_association": [],
                "max_ttl": 0,
                "min_ttl": 0,
                "origin_request_policy_id": "",
                "path_pattern": "/products*",
                "realtime_log_config_arn": "",
                "response_headers_policy_id": "",
                "smooth_streaming": false,
                "target_origin_id": "api-backend",
                "trusted_key_groups": [],
                "trusted_signers": [],
                "viewer_protocol_policy": "redirect-to-https"
              },
              {
                "allowed_methods": [
                  "DELETE",
                  "GET",
                  "HEAD",
                  "OPTIONS",
                  "PATCH",
                  "POST",
                  "PUT"
                ],
                "cache_policy_id": "",
                "cached_methods": [
                  "GET",
                  "HEAD"
                ],
                "compress": false,
                "default_ttl": 0,
                "field_level_encryption_id": "",
                "forwarded_values": [
                  {
                    "cookies": [
                      {
                        "forward": "none",
                        "whitelisted_names": []
                      }
                    ],
                    "headers": [],
                    "query_string": true,
                    "query_string_cache_keys": []
                  }
                ],
                "function_association": [],
                "grpc_config": [
                  {
                    "enabled": false
                  }
                ],
                "lambda_function_association": [],
                "max_ttl": 0,
                "min_ttl": 0,
                "origin_request_policy_id": "",
                "path_pattern": "/search*",
                "realtime_log_config_arn": "",
                "response_headers_policy_id": "",
                "smooth_streaming": false,
                "target_origin_id": "api-backend",
                "trusted_key_groups": [],
                "trusted_signers": [],
                "viewer_protocol_policy": "redirect-to-https"
              },
              {
                "allowed_methods": [
                  "DELETE",
                  "GET",
                  "HEAD",
                  "OPTIONS",
                  "PATCH",
                  "POST",
                  "PUT"
                ],
                "cache_policy_id": "4135ea2d-6df8-44a3-9df3-4b5a84be39ad",
                "cached_methods": [
                  "GET",
                  "HEAD"
                ],
                "compress": false,
                "default_ttl": 0,
                "field_level_encryption_id": "",
                "forwarded_values": [],
                "function_association": [],
                "grpc_config": [
                  {
                    "enabled": false
                  }
                ],
                "lambda_function_association": [],
                "max_ttl": 0,
                "min_ttl": 0,
                "origin_request_policy_id": "",
                "path_pattern": "/cart*",
                "realtime_log_config_arn": "",
                "response_headers_policy_id": "",
                "smooth_streaming": false,
                "target_origin_id": "api-backend",
                "trusted_key_groups": [],
                "trusted_signers": [],
                "viewer_protocol_policy": "redirect-to-https"
              },
              {
                "allowed_methods": [
                  "DELETE",
                  "GET",
                  "HEAD",
                  "OPTIONS",
                  "PATCH",
                  "POST",
                  "PUT"
                ],
                "cache_policy_id": "4135ea2d-6df8-44a3-9df3-4b5a84be39ad",
                "cached_methods": [
                  "GET",
                  "HEAD"
                ],
                "compress": false,
                "default_ttl": 0,
                "field_level_encryption_id": "",
                "forwarded_values": [],
                "function_association": [],
                "grpc_config": [
                  {
                    "enabled": false
                  }
                ],
                "lambda_function_association": [],
                "max_ttl": 0,
                "min_ttl": 0,
                "origin_request_policy_id": "",
                "path_pattern": "/order*",
                "realtime_log_config_arn": "",
                "response_headers_policy_id": "",
                "smooth_streaming": false,
                "target_origin_id": "api-backend",
                "trusted_key_groups": [],
                "trusted_signers": [],
                "viewer_protocol_policy": "redirect-to-https"
              },
              {
                "allowed_methods": [
                  "DELETE",
                  "GET",
                  "HEAD",
                  "OPTIONS",
                  "PATCH",
                  "POST",
                  "PUT"
                ],
                "cache_policy_id": "4135ea2d-6df8-44a3-9df3-4b5a84be39ad",
                "cached_methods": [
                  "GET",
                  "HEAD"
                ],
                "compress": false,
                "default_ttl": 0,
                "field_level_encryption_id": "",
                "forwarded_values": [],
                "function_association": [],
                "grpc_config": [
                  {
                    "enabled": false
                  }
                ],
                "lambda_function_association": [],
                "max_ttl": 0,
                "min_ttl": 0,
                "origin_request_policy_id": "",
                "path_pattern": "/payment*",
                "realtime_log_config_arn": "",
                "response_headers_policy_id": "",
                "smooth_streaming": false,
                "target_origin_id": "api-backend",
                "trusted_key_groups": [],
                "trusted_signers": [],
                "viewer_protocol_policy": "redirect-to-https"
              }
            ],
            "origin": [
              {
                "connection_attempts": 3,
                "connection_timeout": 10,
                "custom_header": [],
                "custom_origin_config": [
                  {
                    "http_port": 80,
                    "https_port": 443,
                    "ip_address_type": "",
                    "origin_keepalive_timeout": 5,
                    "origin_protocol_policy": "https-only",
                    "origin_read_timeout": 30,
                    "origin_ssl_protocols": [
                      "TLSv1.2"
                    ]
                  }
                ],
                "domain_name": "hntwmrwmsl.execute-api.ap-southeast-1.amazonaws.com",
                "origin_access_control_id": "",
                "origin_id": "api-backend",
                "origin_path": "",
                "origin_shield": [],
                "response_completion_timeout": 0,
                "s3_origin_config": [],
                "vpc_origin_config": []
              },
              {
                "connection_attempts": 3,
                "connection_timeout": 10,
                "custom_header": [],
                "custom_origin_config": [],
                "domain_name": "ecommerce-frontend-guru-0xetmqk9.s3.ap-southeast-1.amazonaws.com",
                "origin_access_control_id": "",
                "origin_id": "s3-frontend",
                "origin_path": "",
                "origin_shield": [],
                "response_completion_timeout": 0,
                "s3_origin_config": [
                  {
                    "origin_access_identity": "origin-access-identity/cloudfront/E297QFUUL1OGQO"
                  }
                ],
                "vpc_origin_config": []
              }
            ],
            "origin_group": [],
            "price_class": "PriceClass_All",
            "restrictions": [
              {
                "geo_restriction": [
                  {
                    "locations": [],
                    "restriction_type": "none"
                  }
                ]
              }
            ],
            "retain_on_delete": false,
            "staging": false,
            "status": "Deployed",
            "tags": {},
            "tags_all": {},
            "trusted_key_groups": [
              {
                "enabled": false,
                "items": []
              }
            ],
            "trusted_signers": [
              {
                "enabled": false,
                "items": []
              }
            ],
            "viewer_certificate": [
              {
                "acm_certificate_arn": "",
                "cloudfront_default_certificate": true,
                "iam_certificate_id": "",
                "minimum_protocol_version": "TLSv1",
                "ssl_support_method": ""
              }
            ],
            "viewer_mtls_config": [],
            "wait_for_deployment": true,
            "web_acl_id": ""
          },
          "sensitive_attributes": [],
          "identity_schema_version": 0,
          "private": "eyJzY2hlbWFfdmVyc2lvbiI6IjEifQ==",
          "dependencies": [
            "aws_apigatewayv2_api.api",
            "aws_cloudfront_origin_access_identity.frontend",
            "aws_s3_bucket.frontend",
            "random_string.suffix"
          ]
        }
      ]
    },
    {
      "mode": "managed",
      "type": "aws_cloudfront_origin_access_identity",
      "name": "frontend",
      "provider": "provider[\"registry.terraform.io/hashicorp/aws\"]",
      "instances": [
        {
          "schema_version": 0,
          "attributes": {
            "arn": "arn:aws:cloudfront::726101441380:origin-access-identity/E297QFUUL1OGQO",
            "caller_reference": "terraform-20260413121052427100000001",
            "cloudfront_access_identity_path": "origin-access-identity/cloudfront/E297QFUUL1OGQO",
            "comment": "OAI for ecommerce frontend",
            "etag": "ETVPDKIKX0DER",
            "iam_arn": "arn:aws:iam::cloudfront:user/CloudFront Origin Access Identity E297QFUUL1OGQO",
            "id": "E297QFUUL1OGQO",
            "s3_canonical_user_id": "3a15efeaf47a0857931c3b2b23fb84adbd1f42ac7211341c6a4743669473fabe8b415f75b3e1b64a3271bcb63c1fd3c6"
          },
          "sensitive_attributes": [],
          "identity_schema_version": 0,
          "private": "bnVsbA=="
        }
      ]
    },
    {
      "mode": "managed",
      "type": "aws_dynamodb_table",
      "name": "cart_table",
      "provider": "provider[\"registry.terraform.io/hashicorp/aws\"]",
      "instances": [
        {
          "schema_version": 1,
          "attributes": {
            "arn": "arn:aws:dynamodb:ap-southeast-1:726101441380:table/cart_table_guru",
            "attribute": [
              {
                "name": "user_id",
                "type": "S"
              }
            ],
            "billing_mode": "PAY_PER_REQUEST",
            "deletion_protection_enabled": false,
            "global_secondary_index": [],
            "global_table_witness": [],
            "hash_key": "user_id",
            "id": "cart_table_guru",
            "import_table": [],
            "local_secondary_index": [],
            "name": "cart_table_guru",
            "on_demand_throughput": [],
            "point_in_time_recovery": [
              {
                "enabled": false,
                "recovery_period_in_days": 0
              }
            ],
            "range_key": null,
            "read_capacity": 0,
            "region": "ap-southeast-1",
            "replica": [],
            "restore_backup_arn": null,
            "restore_date_time": null,
            "restore_source_name": null,
            "restore_source_table_arn": null,
            "restore_to_latest_time": null,
            "server_side_encryption": [],
            "stream_arn": "",
            "stream_enabled": false,
            "stream_label": "",
            "stream_view_type": "",
            "table_class": "STANDARD",
            "tags": {},
            "tags_all": {},
            "timeouts": null,
            "ttl": [
              {
                "attribute_name": "",
                "enabled": false
              }
            ],
            "warm_throughput": [],
            "write_capacity": 0
          },
          "sensitive_attributes": [],
          "identity_schema_version": 0,
          "private": "eyJlMmJmYjczMC1lY2FhLTExZTYtOGY4OC0zNDM2M2JjN2M0YzAiOnsiY3JlYXRlIjoxODAwMDAwMDAwMDAwLCJkZWxldGUiOjYwMDAwMDAwMDAwMCwidXBkYXRlIjozNjAwMDAwMDAwMDAwfSwic2NoZW1hX3ZlcnNpb24iOiIxIn0="
        }
      ]
    },
    {
      "mode": "managed",
      "type": "aws_dynamodb_table",
      "name": "orders_table",
      "provider": "provider[\"registry.terraform.io/hashicorp/aws\"]",
      "instances": [
        {
          "schema_version": 1,
          "attributes": {
            "arn": "arn:aws:dynamodb:ap-southeast-1:726101441380:table/orders_table_guru",
            "attribute": [
              {
                "name": "order_id",
                "type": "S"
              }
            ],
            "billing_mode": "PAY_PER_REQUEST",
            "deletion_protection_enabled": false,
            "global_secondary_index": [],
            "global_table_witness": [],
            "hash_key": "order_id",
            "id": "orders_table_guru",
            "import_table": [],
            "local_secondary_index": [],
            "name": "orders_table_guru",
            "on_demand_throughput": [],
            "point_in_time_recovery": [
              {
                "enabled": false,
                "recovery_period_in_days": 0
              }
            ],
            "range_key": null,
            "read_capacity": 0,
            "region": "ap-southeast-1",
            "replica": [],
            "restore_backup_arn": null,
            "restore_date_time": null,
            "restore_source_name": null,
            "restore_source_table_arn": null,
            "restore_to_latest_time": null,
            "server_side_encryption": [],
            "stream_arn": "",
            "stream_enabled": false,
            "stream_label": "",
            "stream_view_type": "",
            "table_class": "STANDARD",
            "tags": {},
            "tags_all": {},
            "timeouts": null,
            "ttl": [
              {
                "attribute_name": "",
                "enabled": false
              }
            ],
            "warm_throughput": [],
            "write_capacity": 0
          },
          "sensitive_attributes": [],
          "identity_schema_version": 0,
          "private": "eyJlMmJmYjczMC1lY2FhLTExZTYtOGY4OC0zNDM2M2JjN2M0YzAiOnsiY3JlYXRlIjoxODAwMDAwMDAwMDAwLCJkZWxldGUiOjYwMDAwMDAwMDAwMCwidXBkYXRlIjozNjAwMDAwMDAwMDAwfSwic2NoZW1hX3ZlcnNpb24iOiIxIn0="
        }
      ]
    },
    {
      "mode": "managed",
      "type": "aws_dynamodb_table",
      "name": "products_table",
      "provider": "provider[\"registry.terraform.io/hashicorp/aws\"]",
      "instances": [
        {
          "schema_version": 1,
          "attributes": {
            "arn": "arn:aws:dynamodb:ap-southeast-1:726101441380:table/products_table_guru",
            "attribute": [
              {
                "name": "id",
                "type": "S"
              }
            ],
            "billing_mode": "PAY_PER_REQUEST",
            "deletion_protection_enabled": false,
            "global_secondary_index": [],
            "global_table_witness": [],
            "hash_key": "id",
            "id": "products_table_guru",
            "import_table": [],
            "local_secondary_index": [],
            "name": "products_table_guru",
            "on_demand_throughput": [],
            "point_in_time_recovery": [
              {
                "enabled": false,
                "recovery_period_in_days": 0
              }
            ],
            "range_key": null,
            "read_capacity": 0,
            "region": "ap-southeast-1",
            "replica": [],
            "restore_backup_arn": null,
            "restore_date_time": null,
            "restore_source_name": null,
            "restore_source_table_arn": null,
            "restore_to_latest_time": null,
            "server_side_encryption": [],
            "stream_arn": "",
            "stream_enabled": false,
            "stream_label": "",
            "stream_view_type": "",
            "table_class": "STANDARD",
            "tags": {},
            "tags_all": {},
            "timeouts": null,
            "ttl": [
              {
                "attribute_name": "",
                "enabled": false
              }
            ],
            "warm_throughput": [],
            "write_capacity": 0
          },
          "sensitive_attributes": [],
          "identity_schema_version": 0,
          "private": "eyJlMmJmYjczMC1lY2FhLTExZTYtOGY4OC0zNDM2M2JjN2M0YzAiOnsiY3JlYXRlIjoxODAwMDAwMDAwMDAwLCJkZWxldGUiOjYwMDAwMDAwMDAwMCwidXBkYXRlIjozNjAwMDAwMDAwMDAwfSwic2NoZW1hX3ZlcnNpb24iOiIxIn0="
        }
      ]
    },
    {
      "mode": "managed",
      "type": "aws_iam_role",
      "name": "lambda_role",
      "provider": "provider[\"registry.terraform.io/hashicorp/aws\"]",
      "instances": [
        {
          "schema_version": 0,
          "attributes": {
            "arn": "arn:aws:iam::726101441380:role/lambda_exec_role_guru",
            "assume_role_policy": "{\"Statement\":[{\"Action\":\"sts:AssumeRole\",\"Effect\":\"Allow\",\"Principal\":{\"Service\":\"lambda.amazonaws.com\"}}],\"Version\":\"2012-10-17\"}",
            "create_date": "2026-04-13T12:10:53Z",
            "description": "",
            "force_detach_policies": false,
            "id": "lambda_exec_role_guru",
            "inline_policy": [],
            "managed_policy_arns": [
              "arn:aws:iam::aws:policy/AmazonDynamoDBFullAccess",
              "arn:aws:iam::aws:policy/AmazonSNSFullAccess",
              "arn:aws:iam::aws:policy/AmazonSQSFullAccess",
              "arn:aws:iam::aws:policy/service-role/AWSLambdaBasicExecutionRole"
            ],
            "max_session_duration": 3600,
            "name": "lambda_exec_role_guru",
            "name_prefix": "",
            "path": "/",
            "permissions_boundary": "",
            "tags": {},
            "tags_all": {},
            "unique_id": "AROA2SDYEXNSATJFD7XAF"
          },
          "sensitive_attributes": [],
          "identity_schema_version": 0,
          "identity": {
            "account_id": "726101441380",
            "name": "lambda_exec_role_guru"
          },
          "private": "bnVsbA=="
        }
      ]
    },
    {
      "mode": "managed",
      "type": "aws_iam_role_policy_attachment",
      "name": "dynamodb_access",
      "provider": "provider[\"registry.terraform.io/hashicorp/aws\"]",
      "instances": [
        {
          "schema_version": 0,
          "attributes": {
            "id": "lambda_exec_role_guru/arn:aws:iam::aws:policy/AmazonDynamoDBFullAccess",
            "policy_arn": "arn:aws:iam::aws:policy/AmazonDynamoDBFullAccess",
            "role": "lambda_exec_role_guru"
          },
          "sensitive_attributes": [],
          "identity_schema_version": 0,
          "identity": {
            "account_id": "726101441380",
            "policy_arn": "arn:aws:iam::aws:policy/AmazonDynamoDBFullAccess",
            "role": "lambda_exec_role_guru"
          },
          "private": "bnVsbA==",
          "dependencies": [
            "aws_iam_role.lambda_role"
          ]
        }
      ]
    },
    {
      "mode": "managed",
      "type": "aws_iam_role_policy_attachment",
      "name": "lambda_basic",
      "provider": "provider[\"registry.terraform.io/hashicorp/aws\"]",
      "instances": [
        {
          "schema_version": 0,
          "attributes": {
            "id": "lambda_exec_role_guru/arn:aws:iam::aws:policy/service-role/AWSLambdaBasicExecutionRole",
            "policy_arn": "arn:aws:iam::aws:policy/service-role/AWSLambdaBasicExecutionRole",
            "role": "lambda_exec_role_guru"
          },
          "sensitive_attributes": [],
          "identity_schema_version": 0,
          "identity": {
            "account_id": "726101441380",
            "policy_arn": "arn:aws:iam::aws:policy/service-role/AWSLambdaBasicExecutionRole",
            "role": "lambda_exec_role_guru"
          },
          "private": "bnVsbA==",
          "dependencies": [
            "aws_iam_role.lambda_role"
          ]
        }
      ]
    },
    {
      "mode": "managed",
      "type": "aws_iam_role_policy_attachment",
      "name": "sns_access",
      "provider": "provider[\"registry.terraform.io/hashicorp/aws\"]",
      "instances": [
        {
          "schema_version": 0,
          "attributes": {
            "id": "lambda_exec_role_guru/arn:aws:iam::aws:policy/AmazonSNSFullAccess",
            "policy_arn": "arn:aws:iam::aws:policy/AmazonSNSFullAccess",
            "role": "lambda_exec_role_guru"
          },
          "sensitive_attributes": [],
          "identity_schema_version": 0,
          "identity": {
            "account_id": "726101441380",
            "policy_arn": "arn:aws:iam::aws:policy/AmazonSNSFullAccess",
            "role": "lambda_exec_role_guru"
          },
          "private": "bnVsbA==",
          "dependencies": [
            "aws_iam_role.lambda_role"
          ]
        }
      ]
    },
    {
      "mode": "managed",
      "type": "aws_iam_role_policy_attachment",
      "name": "sqs_access",
      "provider": "provider[\"registry.terraform.io/hashicorp/aws\"]",
      "instances": [
        {
          "schema_version": 0,
          "attributes": {
            "id": "lambda_exec_role_guru/arn:aws:iam::aws:policy/AmazonSQSFullAccess",
            "policy_arn": "arn:aws:iam::aws:policy/AmazonSQSFullAccess",
            "role": "lambda_exec_role_guru"
          },
          "sensitive_attributes": [],
          "identity_schema_version": 0,
          "identity": {
            "account_id": "726101441380",
            "policy_arn": "arn:aws:iam::aws:policy/AmazonSQSFullAccess",
            "role": "lambda_exec_role_guru"
          },
          "private": "bnVsbA==",
          "dependencies": [
            "aws_iam_role.lambda_role"
          ]
        }
      ]
    },
    {
      "mode": "managed",
      "type": "aws_lambda_event_source_mapping",
      "name": "order_processor_sqs",
      "provider": "provider[\"registry.terraform.io/hashicorp/aws\"]",
      "instances": [
        {
          "schema_version": 0,
          "attributes": {
            "amazon_managed_kafka_event_source_config": [],
            "arn": "arn:aws:lambda:ap-southeast-1:726101441380:event-source-mapping:bf2f0862-4778-4469-a5d7-011a2e3cf84c",
            "batch_size": 1,
            "bisect_batch_on_function_error": false,
            "destination_config": [],
            "document_db_event_source_config": [],
            "enabled": true,
            "event_source_arn": "arn:aws:sqs:ap-southeast-1:726101441380:order-processing-queue-guru",
            "filter_criteria": [],
            "function_arn": "arn:aws:lambda:ap-southeast-1:726101441380:function:processor_service_guru",
            "function_name": "arn:aws:lambda:ap-southeast-1:726101441380:function:processor_service_guru",
            "function_response_types": [],
            "id": "bf2f0862-4778-4469-a5d7-011a2e3cf84c",
            "kms_key_arn": "",
            "last_modified": "2026-04-15T09:30:34Z",
            "last_processing_result": "",
            "maximum_batching_window_in_seconds": 0,
            "maximum_record_age_in_seconds": 0,
            "maximum_retry_attempts": 0,
            "metrics_config": [],
            "parallelization_factor": 0,
            "provisioned_poller_config": [],
            "queues": [],
            "region": "ap-southeast-1",
            "scaling_config": [],
            "self_managed_event_source": [],
            "self_managed_kafka_event_source_config": [],
            "source_access_configuration": [],
            "starting_position": "",
            "starting_position_timestamp": "",
            "state": "Enabled",
            "state_transition_reason": "USER_INITIATED",
            "tags": {},
            "tags_all": {},
            "topics": [],
            "tumbling_window_in_seconds": 0,
            "uuid": "bf2f0862-4778-4469-a5d7-011a2e3cf84c"
          },
          "sensitive_attributes": [],
          "identity_schema_version": 0,
          "private": "bnVsbA==",
          "dependencies": [
            "aws_iam_role.lambda_role",
            "aws_lambda_function.function",
            "aws_sqs_queue.order_processing",
            "aws_sqs_queue.order_processing_dlq"
          ]
        }
      ]
    },
    {
      "mode": "managed",
      "type": "aws_lambda_function",
      "name": "function",
      "provider": "provider[\"registry.terraform.io/hashicorp/aws\"]",
      "instances": [
        {
          "index_key": "cart",
          "schema_version": 0,
          "attributes": {
            "architectures": [
              "x86_64"
            ],
            "arn": "arn:aws:lambda:ap-southeast-1:726101441380:function:cart_service_guru",
            "capacity_provider_config": [],
            "code_sha256": "FsNnSqb+APkwZhQubN/bzsG29k8ikvfv5aOoy07ifWE=",
            "code_signing_config_arn": "",
            "dead_letter_config": [],
            "description": "",
            "durable_config": [],
            "environment": [],
            "ephemeral_storage": [
              {
                "size": 512
              }
            ],
            "file_system_config": [],
            "filename": "./cart_service_guru.zip",
            "function_name": "cart_service_guru",
            "handler": "cart_service.lambda_handler",
            "id": "cart_service_guru",
            "image_config": [],
            "image_uri": "",
            "invoke_arn": "arn:aws:apigateway:ap-southeast-1:lambda:path/2015-03-31/functions/arn:aws:lambda:ap-southeast-1:726101441380:function:cart_service_guru/invocations",
            "kms_key_arn": "",
            "last_modified": "2026-04-15T07:17:58.000+0000",
            "layers": [],
            "logging_config": [
              {
                "application_log_level": "",
                "log_format": "Text",
                "log_group": "/aws/lambda/cart_service_guru",
                "system_log_level": ""
              }
            ],
            "memory_size": 128,
            "package_type": "Zip",
            "publish": false,
            "publish_to": null,
            "qualified_arn": "arn:aws:lambda:ap-southeast-1:726101441380:function:cart_service_guru:$LATEST",
            "qualified_invoke_arn": "arn:aws:apigateway:ap-southeast-1:lambda:path/2015-03-31/functions/arn:aws:lambda:ap-southeast-1:726101441380:function:cart_service_guru:$LATEST/invocations",
            "region": "ap-southeast-1",
            "replace_security_groups_on_destroy": null,
            "replacement_security_group_ids": null,
            "reserved_concurrent_executions": -1,
            "response_streaming_invoke_arn": "arn:aws:apigateway:ap-southeast-1:lambda:path/2021-11-15/functions/arn:aws:lambda:ap-southeast-1:726101441380:function:cart_service_guru/response-streaming-invocations",
            "role": "arn:aws:iam::726101441380:role/lambda_exec_role_guru",
            "runtime": "python3.12",
            "s3_bucket": null,
            "s3_key": null,
            "s3_object_version": null,
            "signing_job_arn": "",
            "signing_profile_version_arn": "",
            "skip_destroy": false,
            "snap_start": [],
            "source_code_hash": "FsNnSqb+APkwZhQubN/bzsG29k8ikvfv5aOoy07ifWE=",
            "source_code_size": 1891,
            "source_kms_key_arn": "",
            "tags": {},
            "tags_all": {},
            "tenancy_config": [],
            "timeout": 3,
            "timeouts": null,
            "tracing_config": [
              {
                "mode": "Active"
              }
            ],
            "version": "$LATEST",
            "vpc_config": []
          },
          "sensitive_attributes": [],
          "identity_schema_version": 0,
          "identity": {
            "account_id": "726101441380",
            "function_name": "cart_service_guru",
            "region": "ap-southeast-1"
          },
          "private": "eyJlMmJmYjczMC1lY2FhLTExZTYtOGY4OC0zNDM2M2JjN2M0YzAiOnsiY3JlYXRlIjo2MDAwMDAwMDAwMDAsImRlbGV0ZSI6NjAwMDAwMDAwMDAwLCJ1cGRhdGUiOjYwMDAwMDAwMDAwMH19",
          "dependencies": [
            "aws_iam_role.lambda_role"
          ]
        },
        {
          "index_key": "order",
          "schema_version": 0,
          "attributes": {
            "architectures": [
              "x86_64"
            ],
            "arn": "arn:aws:lambda:ap-southeast-1:726101441380:function:order_service_guru",
            "capacity_provider_config": [],
            "code_sha256": "SNDKcPGON8yE3Nn/CRRE3rXLMgNe5ntV1OpPwBIy57Q=",
            "code_signing_config_arn": "",
            "dead_letter_config": [],
            "description": "",
            "durable_config": [],
            "environment": [],
            "ephemeral_storage": [
              {
                "size": 512
              }
            ],
            "file_system_config": [],
            "filename": "./order_service_guru.zip",
            "function_name": "order_service_guru",
            "handler": "order_service.lambda_handler",
            "id": "order_service_guru",
            "image_config": [],
            "image_uri": "",
            "invoke_arn": "arn:aws:apigateway:ap-southeast-1:lambda:path/2015-03-31/functions/arn:aws:lambda:ap-southeast-1:726101441380:function:order_service_guru/invocations",
            "kms_key_arn": "",
            "last_modified": "2026-04-16T04:50:38.000+0000",
            "layers": [],
            "logging_config": [
              {
                "application_log_level": "",
                "log_format": "Text",
                "log_group": "/aws/lambda/order_service_guru",
                "system_log_level": ""
              }
            ],
            "memory_size": 128,
            "package_type": "Zip",
            "publish": false,
            "publish_to": null,
            "qualified_arn": "arn:aws:lambda:ap-southeast-1:726101441380:function:order_service_guru:$LATEST",
            "qualified_invoke_arn": "arn:aws:apigateway:ap-southeast-1:lambda:path/2015-03-31/functions/arn:aws:lambda:ap-southeast-1:726101441380:function:order_service_guru:$LATEST/invocations",
            "region": "ap-southeast-1",
            "replace_security_groups_on_destroy": null,
            "replacement_security_group_ids": null,
            "reserved_concurrent_executions": -1,
            "response_streaming_invoke_arn": "arn:aws:apigateway:ap-southeast-1:lambda:path/2021-11-15/functions/arn:aws:lambda:ap-southeast-1:726101441380:function:order_service_guru/response-streaming-invocations",
            "role": "arn:aws:iam::726101441380:role/lambda_exec_role_guru",
            "runtime": "python3.12",
            "s3_bucket": null,
            "s3_key": null,
            "s3_object_version": null,
            "signing_job_arn": "",
            "signing_profile_version_arn": "",
            "skip_destroy": false,
            "snap_start": [],
            "source_code_hash": "SNDKcPGON8yE3Nn/CRRE3rXLMgNe5ntV1OpPwBIy57Q=",
            "source_code_size": 2436,
            "source_kms_key_arn": "",
            "tags": {},
            "tags_all": {},
            "tenancy_config": [],
            "timeout": 3,
            "timeouts": null,
            "tracing_config": [
              {
                "mode": "Active"
              }
            ],
            "version": "$LATEST",
            "vpc_config": []
          },
          "sensitive_attributes": [],
          "identity_schema_version": 0,
          "identity": {
            "account_id": "726101441380",
            "function_name": "order_service_guru",
            "region": "ap-southeast-1"
          },
          "private": "eyJlMmJmYjczMC1lY2FhLTExZTYtOGY4OC0zNDM2M2JjN2M0YzAiOnsiY3JlYXRlIjo2MDAwMDAwMDAwMDAsImRlbGV0ZSI6NjAwMDAwMDAwMDAwLCJ1cGRhdGUiOjYwMDAwMDAwMDAwMH19",
          "dependencies": [
            "aws_iam_role.lambda_role"
          ]
        },
        {
          "index_key": "payment",
          "schema_version": 0,
          "attributes": {
            "architectures": [
              "x86_64"
            ],
            "arn": "arn:aws:lambda:ap-southeast-1:726101441380:function:payment_service_guru",
            "capacity_provider_config": [],
            "code_sha256": "sFXuBGxRr8qXKGTiUFq+g/CbPCNGAajIXylUp7H0snY=",
            "code_signing_config_arn": "",
            "dead_letter_config": [],
            "description": "",
            "durable_config": [],
            "environment": [],
            "ephemeral_storage": [
              {
                "size": 512
              }
            ],
            "file_system_config": [],
            "filename": "./payment_service_guru.zip",
            "function_name": "payment_service_guru",
            "handler": "payment_service.lambda_handler",
            "id": "payment_service_guru",
            "image_config": [],
            "image_uri": "",
            "invoke_arn": "arn:aws:apigateway:ap-southeast-1:lambda:path/2015-03-31/functions/arn:aws:lambda:ap-southeast-1:726101441380:function:payment_service_guru/invocations",
            "kms_key_arn": "",
            "last_modified": "2026-04-16T04:50:32.000+0000",
            "layers": [],
            "logging_config": [
              {
                "application_log_level": "",
                "log_format": "Text",
                "log_group": "/aws/lambda/payment_service_guru",
                "system_log_level": ""
              }
            ],
            "memory_size": 128,
            "package_type": "Zip",
            "publish": false,
            "publish_to": null,
            "qualified_arn": "arn:aws:lambda:ap-southeast-1:726101441380:function:payment_service_guru:$LATEST",
            "qualified_invoke_arn": "arn:aws:apigateway:ap-southeast-1:lambda:path/2015-03-31/functions/arn:aws:lambda:ap-southeast-1:726101441380:function:payment_service_guru:$LATEST/invocations",
            "region": "ap-southeast-1",
            "replace_security_groups_on_destroy": null,
            "replacement_security_group_ids": null,
            "reserved_concurrent_executions": -1,
            "response_streaming_invoke_arn": "arn:aws:apigateway:ap-southeast-1:lambda:path/2021-11-15/functions/arn:aws:lambda:ap-southeast-1:726101441380:function:payment_service_guru/response-streaming-invocations",
            "role": "arn:aws:iam::726101441380:role/lambda_exec_role_guru",
            "runtime": "python3.12",
            "s3_bucket": null,
            "s3_key": null,
            "s3_object_version": null,
            "signing_job_arn": "",
            "signing_profile_version_arn": "",
            "skip_destroy": false,
            "snap_start": [],
            "source_code_hash": "sFXuBGxRr8qXKGTiUFq+g/CbPCNGAajIXylUp7H0snY=",
            "source_code_size": 1670,
            "source_kms_key_arn": "",
            "tags": {},
            "tags_all": {},
            "tenancy_config": [],
            "timeout": 3,
            "timeouts": null,
            "tracing_config": [
              {
                "mode": "Active"
              }
            ],
            "version": "$LATEST",
            "vpc_config": []
          },
          "sensitive_attributes": [],
          "identity_schema_version": 0,
          "identity": {
            "account_id": "726101441380",
            "function_name": "payment_service_guru",
            "region": "ap-southeast-1"
          },
          "private": "eyJlMmJmYjczMC1lY2FhLTExZTYtOGY4OC0zNDM2M2JjN2M0YzAiOnsiY3JlYXRlIjo2MDAwMDAwMDAwMDAsImRlbGV0ZSI6NjAwMDAwMDAwMDAwLCJ1cGRhdGUiOjYwMDAwMDAwMDAwMH19",
          "dependencies": [
            "aws_iam_role.lambda_role"
          ]
        },
        {
          "index_key": "processor",
          "schema_version": 0,
          "attributes": {
            "architectures": [
              "x86_64"
            ],
            "arn": "arn:aws:lambda:ap-southeast-1:726101441380:function:processor_service_guru",
            "capacity_provider_config": [],
            "code_sha256": "wPdEKxZ8O4o2DyeyVd3/hrCC7xJGRkagoBi4usQHNO4=",
            "code_signing_config_arn": "",
            "dead_letter_config": [],
            "description": "",
            "durable_config": [],
            "environment": [],
            "ephemeral_storage": [
              {
                "size": 512
              }
            ],
            "file_system_config": [],
            "filename": "./order_processor_guru.zip",
            "function_name": "processor_service_guru",
            "handler": "order_processor.lambda_handler",
            "id": "processor_service_guru",
            "image_config": [],
            "image_uri": "",
            "invoke_arn": "arn:aws:apigateway:ap-southeast-1:lambda:path/2015-03-31/functions/arn:aws:lambda:ap-southeast-1:726101441380:function:processor_service_guru/invocations",
            "kms_key_arn": "",
            "last_modified": "2026-04-15T09:33:58.000+0000",
            "layers": [],
            "logging_config": [
              {
                "application_log_level": "",
                "log_format": "Text",
                "log_group": "/aws/lambda/processor_service_guru",
                "system_log_level": ""
              }
            ],
            "memory_size": 128,
            "package_type": "Zip",
            "publish": false,
            "publish_to": null,
            "qualified_arn": "arn:aws:lambda:ap-southeast-1:726101441380:function:processor_service_guru:$LATEST",
            "qualified_invoke_arn": "arn:aws:apigateway:ap-southeast-1:lambda:path/2015-03-31/functions/arn:aws:lambda:ap-southeast-1:726101441380:function:processor_service_guru:$LATEST/invocations",
            "region": "ap-southeast-1",
            "replace_security_groups_on_destroy": null,
            "replacement_security_group_ids": null,
            "reserved_concurrent_executions": -1,
            "response_streaming_invoke_arn": "arn:aws:apigateway:ap-southeast-1:lambda:path/2021-11-15/functions/arn:aws:lambda:ap-southeast-1:726101441380:function:processor_service_guru/response-streaming-invocations",
            "role": "arn:aws:iam::726101441380:role/lambda_exec_role_guru",
            "runtime": "python3.12",
            "s3_bucket": null,
            "s3_key": null,
            "s3_object_version": null,
            "signing_job_arn": "",
            "signing_profile_version_arn": "",
            "skip_destroy": false,
            "snap_start": [],
            "source_code_hash": "wPdEKxZ8O4o2DyeyVd3/hrCC7xJGRkagoBi4usQHNO4=",
            "source_code_size": 816,
            "source_kms_key_arn": "",
            "tags": {},
            "tags_all": {},
            "tenancy_config": [],
            "timeout": 3,
            "timeouts": null,
            "tracing_config": [
              {
                "mode": "PassThrough"
              }
            ],
            "version": "$LATEST",
            "vpc_config": []
          },
          "sensitive_attributes": [],
          "identity_schema_version": 0,
          "identity": {
            "account_id": "726101441380",
            "function_name": "processor_service_guru",
            "region": "ap-southeast-1"
          },
          "private": "eyJlMmJmYjczMC1lY2FhLTExZTYtOGY4OC0zNDM2M2JjN2M0YzAiOnsiY3JlYXRlIjo2MDAwMDAwMDAwMDAsImRlbGV0ZSI6NjAwMDAwMDAwMDAwLCJ1cGRhdGUiOjYwMDAwMDAwMDAwMH19",
          "dependencies": [
            "aws_iam_role.lambda_role"
          ]
        },
        {
          "index_key": "product",
          "schema_version": 0,
          "attributes": {
            "architectures": [
              "x86_64"
            ],
            "arn": "arn:aws:lambda:ap-southeast-1:726101441380:function:product_service_guru",
            "capacity_provider_config": [],
            "code_sha256": "DeJXyWAb2KFZiNnJJ9nIUKDKZem5GaeV2izojZ9BhXc=",
            "code_signing_config_arn": "",
            "dead_letter_config": [],
            "description": "",
            "durable_config": [],
            "environment": [],
            "ephemeral_storage": [
              {
                "size": 512
              }
            ],
            "file_system_config": [],
            "filename": "./product_service_guru.zip",
            "function_name": "product_service_guru",
            "handler": "product_service.lambda_handler",
            "id": "product_service_guru",
            "image_config": [],
            "image_uri": "",
            "invoke_arn": "arn:aws:apigateway:ap-southeast-1:lambda:path/2015-03-31/functions/arn:aws:lambda:ap-southeast-1:726101441380:function:product_service_guru/invocations",
            "kms_key_arn": "",
            "last_modified": "2026-04-15T07:17:22.000+0000",
            "layers": [],
            "logging_config": [
              {
                "application_log_level": "",
                "log_format": "Text",
                "log_group": "/aws/lambda/product_service_guru",
                "system_log_level": ""
              }
            ],
            "memory_size": 128,
            "package_type": "Zip",
            "publish": false,
            "publish_to": null,
            "qualified_arn": "arn:aws:lambda:ap-southeast-1:726101441380:function:product_service_guru:$LATEST",
            "qualified_invoke_arn": "arn:aws:apigateway:ap-southeast-1:lambda:path/2015-03-31/functions/arn:aws:lambda:ap-southeast-1:726101441380:function:product_service_guru:$LATEST/invocations",
            "region": "ap-southeast-1",
            "replace_security_groups_on_destroy": null,
            "replacement_security_group_ids": null,
            "reserved_concurrent_executions": -1,
            "response_streaming_invoke_arn": "arn:aws:apigateway:ap-southeast-1:lambda:path/2021-11-15/functions/arn:aws:lambda:ap-southeast-1:726101441380:function:product_service_guru/response-streaming-invocations",
            "role": "arn:aws:iam::726101441380:role/lambda_exec_role_guru",
            "runtime": "python3.12",
            "s3_bucket": null,
            "s3_key": null,
            "s3_object_version": null,
            "signing_job_arn": "",
            "signing_profile_version_arn": "",
            "skip_destroy": false,
            "snap_start": [],
            "source_code_hash": "DeJXyWAb2KFZiNnJJ9nIUKDKZem5GaeV2izojZ9BhXc=",
            "source_code_size": 2518,
            "source_kms_key_arn": "",
            "tags": {},
            "tags_all": {},
            "tenancy_config": [],
            "timeout": 3,
            "timeouts": null,
            "tracing_config": [
              {
                "mode": "Active"
              }
            ],
            "version": "$LATEST",
            "vpc_config": []
          },
          "sensitive_attributes": [],
          "identity_schema_version": 0,
          "identity": {
            "account_id": "726101441380",
            "function_name": "product_service_guru",
            "region": "ap-southeast-1"
          },
          "private": "eyJlMmJmYjczMC1lY2FhLTExZTYtOGY4OC0zNDM2M2JjN2M0YzAiOnsiY3JlYXRlIjo2MDAwMDAwMDAwMDAsImRlbGV0ZSI6NjAwMDAwMDAwMDAwLCJ1cGRhdGUiOjYwMDAwMDAwMDAwMH19",
          "dependencies": [
            "aws_iam_role.lambda_role"
          ]
        },
        {
          "index_key": "search",
          "schema_version": 0,
          "attributes": {
            "architectures": [
              "x86_64"
            ],
            "arn": "arn:aws:lambda:ap-southeast-1:726101441380:function:search_service_guru",
            "capacity_provider_config": [],
            "code_sha256": "/3cMLRoZGw14P9cOqkRmnk6d1TOo3gasdgjsDDeRKW4=",
            "code_signing_config_arn": "",
            "dead_letter_config": [],
            "description": "",
            "durable_config": [],
            "environment": [],
            "ephemeral_storage": [
              {
                "size": 512
              }
            ],
            "file_system_config": [],
            "filename": "./search_service_guru.zip",
            "function_name": "search_service_guru",
            "handler": "search_service.lambda_handler",
            "id": "search_service_guru",
            "image_config": [],
            "image_uri": "",
            "invoke_arn": "arn:aws:apigateway:ap-southeast-1:lambda:path/2015-03-31/functions/arn:aws:lambda:ap-southeast-1:726101441380:function:search_service_guru/invocations",
            "kms_key_arn": "",
            "last_modified": "2026-04-15T07:17:01.000+0000",
            "layers": [],
            "logging_config": [
              {
                "application_log_level": "",
                "log_format": "Text",
                "log_group": "/aws/lambda/search_service_guru",
                "system_log_level": ""
              }
            ],
            "memory_size": 128,
            "package_type": "Zip",
            "publish": false,
            "publish_to": null,
            "qualified_arn": "arn:aws:lambda:ap-southeast-1:726101441380:function:search_service_guru:$LATEST",
            "qualified_invoke_arn": "arn:aws:apigateway:ap-southeast-1:lambda:path/2015-03-31/functions/arn:aws:lambda:ap-southeast-1:726101441380:function:search_service_guru:$LATEST/invocations",
            "region": "ap-southeast-1",
            "replace_security_groups_on_destroy": null,
            "replacement_security_group_ids": null,
            "reserved_concurrent_executions": -1,
            "response_streaming_invoke_arn": "arn:aws:apigateway:ap-southeast-1:lambda:path/2021-11-15/functions/arn:aws:lambda:ap-southeast-1:726101441380:function:search_service_guru/response-streaming-invocations",
            "role": "arn:aws:iam::726101441380:role/lambda_exec_role_guru",
            "runtime": "python3.12",
            "s3_bucket": null,
            "s3_key": null,
            "s3_object_version": null,
            "signing_job_arn": "",
            "signing_profile_version_arn": "",
            "skip_destroy": false,
            "snap_start": [],
            "source_code_hash": "/3cMLRoZGw14P9cOqkRmnk6d1TOo3gasdgjsDDeRKW4=",
            "source_code_size": 1166,
            "source_kms_key_arn": "",
            "tags": {},
            "tags_all": {},
            "tenancy_config": [],
            "timeout": 3,
            "timeouts": null,
            "tracing_config": [
              {
                "mode": "Active"
              }
            ],
            "version": "$LATEST",
            "vpc_config": []
          },
          "sensitive_attributes": [],
          "identity_schema_version": 0,
          "identity": {
            "account_id": "726101441380",
            "function_name": "search_service_guru",
            "region": "ap-southeast-1"
          },
          "private": "eyJlMmJmYjczMC1lY2FhLTExZTYtOGY4OC0zNDM2M2JjN2M0YzAiOnsiY3JlYXRlIjo2MDAwMDAwMDAwMDAsImRlbGV0ZSI6NjAwMDAwMDAwMDAwLCJ1cGRhdGUiOjYwMDAwMDAwMDAwMH19",
          "dependencies": [
            "aws_iam_role.lambda_role"
          ]
        }
      ]
    },
    {
      "mode": "managed",
      "type": "aws_lambda_permission",
      "name": "allow_api",
      "provider": "provider[\"registry.terraform.io/hashicorp/aws\"]",
      "instances": [
        {
          "index_key": "cart",
          "schema_version": 0,
          "attributes": {
            "action": "lambda:InvokeFunction",
            "event_source_token": null,
            "function_name": "cart_service_guru",
            "function_url_auth_type": null,
            "id": "AllowExecution-cart",
            "invoked_via_function_url": null,
            "principal": "apigateway.amazonaws.com",
            "principal_org_id": null,
            "qualifier": "",
            "region": "ap-southeast-1",
            "source_account": null,
            "source_arn": "arn:aws:execute-api:ap-southeast-1:726101441380:hntwmrwmsl/*/*",
            "statement_id": "AllowExecution-cart",
            "statement_id_prefix": ""
          },
          "sensitive_attributes": [],
          "identity_schema_version": 0,
          "identity": {
            "account_id": "726101441380",
            "function_name": "cart_service_guru",
            "qualifier": null,
            "region": "ap-southeast-1",
            "statement_id": "AllowExecution-cart"
          },
          "private": "bnVsbA==",
          "dependencies": [
            "aws_apigatewayv2_api.api",
            "aws_iam_role.lambda_role",
            "aws_lambda_function.function"
          ]
        },
        {
          "index_key": "order",
          "schema_version": 0,
          "attributes": {
            "action": "lambda:InvokeFunction",
            "event_source_token": null,
            "function_name": "order_service_guru",
            "function_url_auth_type": null,
            "id": "AllowExecution-order",
            "invoked_via_function_url": null,
            "principal": "apigateway.amazonaws.com",
            "principal_org_id": null,
            "qualifier": "",
            "region": "ap-southeast-1",
            "source_account": null,
            "source_arn": "arn:aws:execute-api:ap-southeast-1:726101441380:hntwmrwmsl/*/*",
            "statement_id": "AllowExecution-order",
            "statement_id_prefix": ""
          },
          "sensitive_attributes": [],
          "identity_schema_version": 0,
          "identity": {
            "account_id": "726101441380",
            "function_name": "order_service_guru",
            "qualifier": null,
            "region": "ap-southeast-1",
            "statement_id": "AllowExecution-order"
          },
          "private": "bnVsbA==",
          "dependencies": [
            "aws_apigatewayv2_api.api",
            "aws_iam_role.lambda_role",
            "aws_lambda_function.function"
          ]
        },
        {
          "index_key": "payment",
          "schema_version": 0,
          "attributes": {
            "action": "lambda:InvokeFunction",
            "event_source_token": null,
            "function_name": "payment_service_guru",
            "function_url_auth_type": null,
            "id": "AllowExecution-payment",
            "invoked_via_function_url": null,
            "principal": "apigateway.amazonaws.com",
            "principal_org_id": null,
            "qualifier": "",
            "region": "ap-southeast-1",
            "source_account": null,
            "source_arn": "arn:aws:execute-api:ap-southeast-1:726101441380:hntwmrwmsl/*/*",
            "statement_id": "AllowExecution-payment",
            "statement_id_prefix": ""
          },
          "sensitive_attributes": [],
          "identity_schema_version": 0,
          "identity": {
            "account_id": "726101441380",
            "function_name": "payment_service_guru",
            "qualifier": null,
            "region": "ap-southeast-1",
            "statement_id": "AllowExecution-payment"
          },
          "private": "bnVsbA==",
          "dependencies": [
            "aws_apigatewayv2_api.api",
            "aws_iam_role.lambda_role",
            "aws_lambda_function.function"
          ]
        },
        {
          "index_key": "product",
          "schema_version": 0,
          "attributes": {
            "action": "lambda:InvokeFunction",
            "event_source_token": null,
            "function_name": "product_service_guru",
            "function_url_auth_type": null,
            "id": "AllowExecution-product",
            "invoked_via_function_url": null,
            "principal": "apigateway.amazonaws.com",
            "principal_org_id": null,
            "qualifier": "",
            "region": "ap-southeast-1",
            "source_account": null,
            "source_arn": "arn:aws:execute-api:ap-southeast-1:726101441380:hntwmrwmsl/*/*",
            "statement_id": "AllowExecution-product",
            "statement_id_prefix": ""
          },
          "sensitive_attributes": [],
          "identity_schema_version": 0,
          "identity": {
            "account_id": "726101441380",
            "function_name": "product_service_guru",
            "qualifier": null,
            "region": "ap-southeast-1",
            "statement_id": "AllowExecution-product"
          },
          "private": "bnVsbA==",
          "dependencies": [
            "aws_apigatewayv2_api.api",
            "aws_iam_role.lambda_role",
            "aws_lambda_function.function"
          ]
        },
        {
          "index_key": "search",
          "schema_version": 0,
          "attributes": {
            "action": "lambda:InvokeFunction",
            "event_source_token": null,
            "function_name": "search_service_guru",
            "function_url_auth_type": null,
            "id": "AllowExecution-search",
            "invoked_via_function_url": null,
            "principal": "apigateway.amazonaws.com",
            "principal_org_id": null,
            "qualifier": "",
            "region": "ap-southeast-1",
            "source_account": null,
            "source_arn": "arn:aws:execute-api:ap-southeast-1:726101441380:hntwmrwmsl/*/*",
            "statement_id": "AllowExecution-search",
            "statement_id_prefix": ""
          },
          "sensitive_attributes": [],
          "identity_schema_version": 0,
          "identity": {
            "account_id": "726101441380",
            "function_name": "search_service_guru",
            "qualifier": null,
            "region": "ap-southeast-1",
            "statement_id": "AllowExecution-search"
          },
          "private": "bnVsbA==",
          "dependencies": [
            "aws_apigatewayv2_api.api",
            "aws_iam_role.lambda_role",
            "aws_lambda_function.function"
          ]
        }
      ]
    },
    {
      "mode": "managed",
      "type": "aws_s3_bucket",
      "name": "frontend",
      "provider": "provider[\"registry.terraform.io/hashicorp/aws\"]",
      "instances": [
        {
          "schema_version": 0,
          "attributes": {
            "acceleration_status": "",
            "acl": null,
            "arn": "arn:aws:s3:::ecommerce-frontend-guru-0xetmqk9",
            "bucket": "ecommerce-frontend-guru-0xetmqk9",
            "bucket_domain_name": "ecommerce-frontend-guru-0xetmqk9.s3.amazonaws.com",
            "bucket_namespace": "global",
            "bucket_prefix": "",
            "bucket_region": "ap-southeast-1",
            "bucket_regional_domain_name": "ecommerce-frontend-guru-0xetmqk9.s3.ap-southeast-1.amazonaws.com",
            "cors_rule": [],
            "force_destroy": false,
            "grant": [
              {
                "id": "21eb56825d3b46b556b5ed4ad1c3c85f62a473aa7fa45d30cdb83e5ddf5beec6",
                "permissions": [
                  "FULL_CONTROL"
                ],
                "type": "CanonicalUser",
                "uri": ""
              }
            ],
            "hosted_zone_id": "Z3O0J2DXBE1FTB",
            "id": "ecommerce-frontend-guru-0xetmqk9",
            "lifecycle_rule": [],
            "logging": [],
            "object_lock_configuration": [],
            "object_lock_enabled": false,
            "policy": "{\"Statement\":[{\"Action\":\"s3:GetObject\",\"Effect\":\"Allow\",\"Principal\":{\"AWS\":\"arn:aws:iam::cloudfront:user/CloudFront Origin Access Identity E297QFUUL1OGQO\"},\"Resource\":\"arn:aws:s3:::ecommerce-frontend-guru-0xetmqk9/*\",\"Sid\":\"AllowCloudFrontAccess\"}],\"Version\":\"2012-10-17\"}",
            "region": "ap-southeast-1",
            "replication_configuration": [],
            "request_payer": "BucketOwner",
            "server_side_encryption_configuration": [
              {
                "rule": [
                  {
                    "apply_server_side_encryption_by_default": [
                      {
                        "kms_master_key_id": "",
                        "sse_algorithm": "AES256"
                      }
                    ],
                    "bucket_key_enabled": false
                  }
                ]
              }
            ],
            "tags": {},
            "tags_all": {},
            "timeouts": null,
            "versioning": [
              {
                "enabled": false,
                "mfa_delete": false
              }
            ],
            "website": [],
            "website_domain": null,
            "website_endpoint": null
          },
          "sensitive_attributes": [],
          "identity_schema_version": 0,
          "identity": {
            "account_id": "726101441380",
            "bucket": "ecommerce-frontend-guru-0xetmqk9",
            "region": "ap-southeast-1"
          },
          "private": "eyJlMmJmYjczMC1lY2FhLTExZTYtOGY4OC0zNDM2M2JjN2M0YzAiOnsiY3JlYXRlIjoxMjAwMDAwMDAwMDAwLCJkZWxldGUiOjM2MDAwMDAwMDAwMDAsInJlYWQiOjEyMDAwMDAwMDAwMDAsInVwZGF0ZSI6MTIwMDAwMDAwMDAwMH19",
          "dependencies": [
            "random_string.suffix"
          ]
        }
      ]
    },
    {
      "mode": "managed",
      "type": "aws_s3_bucket_policy",
      "name": "frontend",
      "provider": "provider[\"registry.terraform.io/hashicorp/aws\"]",
      "instances": [
        {
          "schema_version": 0,
          "attributes": {
            "bucket": "ecommerce-frontend-guru-0xetmqk9",
            "id": "ecommerce-frontend-guru-0xetmqk9",
            "policy": "{\"Statement\":[{\"Action\":\"s3:GetObject\",\"Effect\":\"Allow\",\"Principal\":{\"AWS\":\"arn:aws:iam::cloudfront:user/CloudFront Origin Access Identity E297QFUUL1OGQO\"},\"Resource\":\"arn:aws:s3:::ecommerce-frontend-guru-0xetmqk9/*\",\"Sid\":\"AllowCloudFrontAccess\"}],\"Version\":\"2012-10-17\"}",
            "region": "ap-southeast-1"
          },
          "sensitive_attributes": [],
          "identity_schema_version": 0,
          "identity": {
            "account_id": "726101441380",
            "bucket": "ecommerce-frontend-guru-0xetmqk9",
            "region": "ap-southeast-1"
          },
          "private": "bnVsbA==",
          "dependencies": [
            "aws_cloudfront_origin_access_identity.frontend",
            "aws_s3_bucket.frontend",
            "random_string.suffix"
          ]
        }
      ]
    },
    {
      "mode": "managed",
      "type": "aws_s3_bucket_public_access_block",
      "name": "frontend",
      "provider": "provider[\"registry.terraform.io/hashicorp/aws\"]",
      "instances": [
        {
          "schema_version": 0,
          "attributes": {
            "block_public_acls": true,
            "block_public_policy": true,
            "bucket": "ecommerce-frontend-guru-0xetmqk9",
            "id": "ecommerce-frontend-guru-0xetmqk9",
            "ignore_public_acls": true,
            "region": "ap-southeast-1",
            "restrict_public_buckets": true,
            "skip_destroy": null
          },
          "sensitive_attributes": [],
          "identity_schema_version": 0,
          "identity": {
            "account_id": "726101441380",
            "bucket": "ecommerce-frontend-guru-0xetmqk9",
            "region": "ap-southeast-1"
          },
          "private": "bnVsbA==",
          "dependencies": [
            "aws_s3_bucket.frontend",
            "random_string.suffix"
          ]
        }
      ]
    },
    {
      "mode": "managed",
      "type": "aws_sns_topic",
      "name": "order_notifications",
      "provider": "provider[\"registry.terraform.io/hashicorp/aws\"]",
      "instances": [
        {
          "schema_version": 0,
          "attributes": {
            "application_failure_feedback_role_arn": "",
            "application_success_feedback_role_arn": "",
            "application_success_feedback_sample_rate": 0,
            "archive_policy": "",
            "arn": "arn:aws:sns:ap-southeast-1:726101441380:order-notifications-guru",
            "beginning_archive_time": "",
            "content_based_deduplication": false,
            "delivery_policy": "",
            "display_name": "",
            "fifo_throughput_scope": "",
            "fifo_topic": false,
            "firehose_failure_feedback_role_arn": "",
            "firehose_success_feedback_role_arn": "",
            "firehose_success_feedback_sample_rate": 0,
            "http_failure_feedback_role_arn": "",
            "http_success_feedback_role_arn": "",
            "http_success_feedback_sample_rate": 0,
            "id": "arn:aws:sns:ap-southeast-1:726101441380:order-notifications-guru",
            "kms_master_key_id": "",
            "lambda_failure_feedback_role_arn": "",
            "lambda_success_feedback_role_arn": "",
            "lambda_success_feedback_sample_rate": 0,
            "name": "order-notifications-guru",
            "name_prefix": "",
            "owner": "726101441380",
            "policy": "{\"Statement\":[{\"Action\":\"sns:Publish\",\"Effect\":\"Allow\",\"Principal\":{\"AWS\":\"arn:aws:iam::726101441380:role/lambda_exec_role_guru\"},\"Resource\":\"arn:aws:sns:ap-southeast-1:726101441380:order-notifications-guru\"}],\"Version\":\"2012-10-17\"}",
            "region": "ap-southeast-1",
            "signature_version": 0,
            "sqs_failure_feedback_role_arn": "",
            "sqs_success_feedback_role_arn": "",
            "sqs_success_feedback_sample_rate": 0,
            "tags": {},
            "tags_all": {},
            "tracing_config": ""
          },
          "sensitive_attributes": [],
          "identity_schema_version": 0,
          "identity": {
            "arn": "arn:aws:sns:ap-southeast-1:726101441380:order-notifications-guru"
          },
          "private": "bnVsbA=="
        }
      ]
    },
    {
      "mode": "managed",
      "type": "aws_sns_topic_policy",
      "name": "order_notifications_policy",
      "provider": "provider[\"registry.terraform.io/hashicorp/aws\"]",
      "instances": [
        {
          "schema_version": 0,
          "attributes": {
            "arn": "arn:aws:sns:ap-southeast-1:726101441380:order-notifications-guru",
            "id": "arn:aws:sns:ap-southeast-1:726101441380:order-notifications-guru",
            "owner": "726101441380",
            "policy": "{\"Statement\":[{\"Action\":\"sns:Publish\",\"Effect\":\"Allow\",\"Principal\":{\"AWS\":\"arn:aws:iam::726101441380:role/lambda_exec_role_guru\"},\"Resource\":\"arn:aws:sns:ap-southeast-1:726101441380:order-notifications-guru\"}],\"Version\":\"2012-10-17\"}",
            "region": "ap-southeast-1"
          },
          "sensitive_attributes": [],
          "identity_schema_version": 0,
          "identity": {
            "arn": "arn:aws:sns:ap-southeast-1:726101441380:order-notifications-guru"
          },
          "private": "bnVsbA==",
          "dependencies": [
            "aws_iam_role.lambda_role",
            "aws_sns_topic.order_notifications"
          ]
        }
      ]
    },
    {
      "mode": "managed",
      "type": "aws_sns_topic_subscription",
      "name": "order_notifications_email",
      "provider": "provider[\"registry.terraform.io/hashicorp/aws\"]",
      "instances": [
        {
          "schema_version": 0,
          "attributes": {
            "arn": "arn:aws:sns:ap-southeast-1:726101441380:order-notifications-guru:50824e96-46c9-4486-bac0-5b33ee54722e",
            "confirmation_timeout_in_minutes": 1,
            "confirmation_was_authenticated": false,
            "delivery_policy": "",
            "endpoint": "guruprasad.reddy@idp.com",
            "endpoint_auto_confirms": false,
            "filter_policy": "",
            "filter_policy_scope": "",
            "id": "arn:aws:sns:ap-southeast-1:726101441380:order-notifications-guru:50824e96-46c9-4486-bac0-5b33ee54722e",
            "owner_id": "726101441380",
            "pending_confirmation": false,
            "protocol": "email",
            "raw_message_delivery": false,
            "redrive_policy": "",
            "region": "ap-southeast-1",
            "replay_policy": "",
            "subscription_role_arn": "",
            "topic_arn": "arn:aws:sns:ap-southeast-1:726101441380:order-notifications-guru"
          },
          "sensitive_attributes": [],
          "identity_schema_version": 0,
          "identity": {
            "arn": "arn:aws:sns:ap-southeast-1:726101441380:order-notifications-guru:50824e96-46c9-4486-bac0-5b33ee54722e"
          },
          "private": "bnVsbA==",
          "dependencies": [
            "aws_sns_topic.order_notifications"
          ]
        }
      ]
    },
    {
      "mode": "managed",
      "type": "aws_sns_topic_subscription",
      "name": "order_notifications_to_sqs",
      "provider": "provider[\"registry.terraform.io/hashicorp/aws\"]",
      "instances": [
        {
          "schema_version": 0,
          "attributes": {
            "arn": "arn:aws:sns:ap-southeast-1:726101441380:order-notifications-guru:b9407be7-2e3e-42fc-a460-ac7328dbc63e",
            "confirmation_timeout_in_minutes": 1,
            "confirmation_was_authenticated": true,
            "delivery_policy": "",
            "endpoint": "arn:aws:sqs:ap-southeast-1:726101441380:order-processing-queue-guru",
            "endpoint_auto_confirms": false,
            "filter_policy": "",
            "filter_policy_scope": "",
            "id": "arn:aws:sns:ap-southeast-1:726101441380:order-notifications-guru:b9407be7-2e3e-42fc-a460-ac7328dbc63e",
            "owner_id": "726101441380",
            "pending_confirmation": false,
            "protocol": "sqs",
            "raw_message_delivery": false,
            "redrive_policy": "",
            "region": "ap-southeast-1",
            "replay_policy": "",
            "subscription_role_arn": "",
            "topic_arn": "arn:aws:sns:ap-southeast-1:726101441380:order-notifications-guru"
          },
          "sensitive_attributes": [],
          "identity_schema_version": 0,
          "identity": {
            "arn": "arn:aws:sns:ap-southeast-1:726101441380:order-notifications-guru:b9407be7-2e3e-42fc-a460-ac7328dbc63e"
          },
          "private": "bnVsbA==",
          "dependencies": [
            "aws_sns_topic.order_notifications",
            "aws_sqs_queue.order_processing",
            "aws_sqs_queue.order_processing_dlq"
          ]
        }
      ]
    },
    {
      "mode": "managed",
      "type": "aws_sqs_queue",
      "name": "order_processing",
      "provider": "provider[\"registry.terraform.io/hashicorp/aws\"]",
      "instances": [
        {
          "schema_version": 0,
          "attributes": {
            "arn": "arn:aws:sqs:ap-southeast-1:726101441380:order-processing-queue-guru",
            "content_based_deduplication": false,
            "deduplication_scope": "",
            "delay_seconds": 0,
            "fifo_queue": false,
            "fifo_throughput_limit": "",
            "id": "https://sqs.ap-southeast-1.amazonaws.com/726101441380/order-processing-queue-guru",
            "kms_data_key_reuse_period_seconds": 300,
            "kms_master_key_id": "",
            "max_message_size": 262144,
            "message_retention_seconds": 345600,
            "name": "order-processing-queue-guru",
            "name_prefix": "",
            "policy": "{\"Statement\":[{\"Action\":\"sqs:SendMessage\",\"Condition\":{\"ArnEquals\":{\"aws:SourceArn\":\"arn:aws:sns:ap-southeast-1:726101441380:order-notifications-guru\"}},\"Effect\":\"Allow\",\"Principal\":{\"Service\":\"sns.amazonaws.com\"},\"Resource\":\"arn:aws:sqs:ap-southeast-1:726101441380:order-processing-queue-guru\"}],\"Version\":\"2012-10-17\"}",
            "receive_wait_time_seconds": 0,
            "redrive_allow_policy": "",
            "redrive_policy": "{\"deadLetterTargetArn\":\"arn:aws:sqs:ap-southeast-1:726101441380:order-processing-queue-guru-dlq\",\"maxReceiveCount\":5}",
            "region": "ap-southeast-1",
            "sqs_managed_sse_enabled": true,
            "tags": {},
            "tags_all": {},
            "timeouts": null,
            "url": "https://sqs.ap-southeast-1.amazonaws.com/726101441380/order-processing-queue-guru",
            "visibility_timeout_seconds": 300
          },
          "sensitive_attributes": [],
          "identity_schema_version": 1,
          "identity": {
            "url": "https://sqs.ap-southeast-1.amazonaws.com/726101441380/order-processing-queue-guru"
          },
          "private": "eyJlMmJmYjczMC1lY2FhLTExZTYtOGY4OC0zNDM2M2JjN2M0YzAiOnsiY3JlYXRlIjoxODAwMDAwMDAwMDAsImRlbGV0ZSI6MTgwMDAwMDAwMDAwLCJ1cGRhdGUiOjE4MDAwMDAwMDAwMH19",
          "dependencies": [
            "aws_sqs_queue.order_processing_dlq"
          ]
        }
      ]
    },
    {
      "mode": "managed",
      "type": "aws_sqs_queue",
      "name": "order_processing_dlq",
      "provider": "provider[\"registry.terraform.io/hashicorp/aws\"]",
      "instances": [
        {
          "schema_version": 0,
          "attributes": {
            "arn": "arn:aws:sqs:ap-southeast-1:726101441380:order-processing-queue-guru-dlq",
            "content_based_deduplication": false,
            "deduplication_scope": "",
            "delay_seconds": 0,
            "fifo_queue": false,
            "fifo_throughput_limit": "",
            "id": "https://sqs.ap-southeast-1.amazonaws.com/726101441380/order-processing-queue-guru-dlq",
            "kms_data_key_reuse_period_seconds": 300,
            "kms_master_key_id": "",
            "max_message_size": 262144,
            "message_retention_seconds": 345600,
            "name": "order-processing-queue-guru-dlq",
            "name_prefix": "",
            "policy": "",
            "receive_wait_time_seconds": 0,
            "redrive_allow_policy": "",
            "redrive_policy": "",
            "region": "ap-southeast-1",
            "sqs_managed_sse_enabled": true,
            "tags": {},
            "tags_all": {},
            "timeouts": null,
            "url": "https://sqs.ap-southeast-1.amazonaws.com/726101441380/order-processing-queue-guru-dlq",
            "visibility_timeout_seconds": 30
          },
          "sensitive_attributes": [],
          "identity_schema_version": 1,
          "identity": {
            "url": "https://sqs.ap-southeast-1.amazonaws.com/726101441380/order-processing-queue-guru-dlq"
          },
          "private": "eyJlMmJmYjczMC1lY2FhLTExZTYtOGY4OC0zNDM2M2JjN2M0YzAiOnsiY3JlYXRlIjoxODAwMDAwMDAwMDAsImRlbGV0ZSI6MTgwMDAwMDAwMDAwLCJ1cGRhdGUiOjE4MDAwMDAwMDAwMH19"
        }
      ]
    },
    {
      "mode": "managed",
      "type": "aws_sqs_queue_policy",
      "name": "order_processing_policy",
      "provider": "provider[\"registry.terraform.io/hashicorp/aws\"]",
      "instances": [
        {
          "schema_version": 1,
          "attributes": {
            "id": "https://sqs.ap-southeast-1.amazonaws.com/726101441380/order-processing-queue-guru",
            "policy": "{\"Statement\":[{\"Action\":\"sqs:SendMessage\",\"Condition\":{\"ArnEquals\":{\"aws:SourceArn\":\"arn:aws:sns:ap-southeast-1:726101441380:order-notifications-guru\"}},\"Effect\":\"Allow\",\"Principal\":{\"Service\":\"sns.amazonaws.com\"},\"Resource\":\"arn:aws:sqs:ap-southeast-1:726101441380:order-processing-queue-guru\"}],\"Version\":\"2012-10-17\"}",
            "queue_url": "https://sqs.ap-southeast-1.amazonaws.com/726101441380/order-processing-queue-guru",
            "region": "ap-southeast-1"
          },
          "sensitive_attributes": [],
          "identity_schema_version": 1,
          "identity": {
            "queue_url": "https://sqs.ap-southeast-1.amazonaws.com/726101441380/order-processing-queue-guru"
          },
          "private": "eyJzY2hlbWFfdmVyc2lvbiI6IjEifQ==",
          "dependencies": [
            "aws_sns_topic.order_notifications",
            "aws_sqs_queue.order_processing",
            "aws_sqs_queue.order_processing_dlq"
          ]
        }
      ]
    },
    {
      "mode": "managed",
      "type": "random_string",
      "name": "suffix",
      "provider": "provider[\"registry.terraform.io/hashicorp/random\"]",
      "instances": [
        {
          "schema_version": 2,
          "attributes": {
            "id": "0xetmqk9",
            "keepers": null,
            "length": 8,
            "lower": true,
            "min_lower": 0,
            "min_numeric": 0,
            "min_special": 0,
            "min_upper": 0,
            "number": true,
            "numeric": true,
            "override_special": null,
            "result": "0xetmqk9",
            "special": false,
            "upper": false
          },
          "sensitive_attributes": [],
          "identity_schema_version": 0
        }
      ]
    }
  ],
  "check_results": null
}
